
Microsoft Visual Studio Solution File, Format Version 12.00
# Visual Studio Version 16
VisualStudioVersion = 16.0.30621.155
MinimumVisualStudioVersion = 10.0.40219.1
Project("{2150E333-8FDC-42A3-9474-1A3956D46DE8}") = "src", "src", "{1DB97BA9-455E-40AB-B27A-51A71FEEE778}"
EndProject
Project("{2150E333-8FDC-42A3-9474-1A3956D46DE8}") = "test", "test", "{E4A7A8E6-5310-461E-A700-3FEDDE820321}"
EndProject
Project("{2150E333-8FDC-42A3-9474-1A3956D46DE8}") = "Core", "Core", "{DA2F8D43-47B7-4B5D-83B9-5E580544DEBE}"
EndProject
Project("{2150E333-8FDC-42A3-9474-1A3956D46DE8}") = "Infrastructure", "Infrastructure", "{0BBEBBD6-0BDF-43D0-BEEC-48FEE2F89CAB}"
EndProject
Project("{2150E333-8FDC-42A3-9474-1A3956D46DE8}") = "Presentation", "Presentation", "{B2CD5021-67D9-4CC8-8559-22845E43D7AA}"
EndProject
Project("{9A19103F-16F7-4668-BE54-9A1E7A4F7556}") = "LoadLink.LoadMatching.Domain", "LoadLink.LoadMatching.Domain\LoadLink.LoadMatching.Domain.csproj", "{A0DFA5E5-443A-49A3-AC57-D0E963E8485C}"
EndProject
Project("{9A19103F-16F7-4668-BE54-9A1E7A4F7556}") = "LoadLink.LoadMatching.Application", "LoadLink.LoadMatching.Application\LoadLink.LoadMatching.Application.csproj", "{D0E185A7-CD77-4DD7-A371-8D5DE14E5B6E}"
EndProject
Project("{9A19103F-16F7-4668-BE54-9A1E7A4F7556}") = "LoadLink.LoadMatching.Infrastructure", "LoadLink.LoadMatching.Infrastructure\LoadLink.LoadMatching.Infrastructure.csproj", "{1B481357-FB12-479C-848D-3DB5734751AF}"
EndProject
Project("{9A19103F-16F7-4668-BE54-9A1E7A4F7556}") = "LoadLink.LoadMatching.Persistence", "LoadLink.LoadMatching.Persistence\LoadLink.LoadMatching.Persistence.csproj", "{14A3649A-E46F-46A7-B284-BBD693FFF63C}"
EndProject
Project("{9A19103F-16F7-4668-BE54-9A1E7A4F7556}") = "LoadLink.LoadMatching.Api", "LoadLink.LoadMatching.Api\LoadLink.LoadMatching.Api.csproj", "{0B70AAA2-9A8F-4291-A7D2-54488C59CEE2}"
EndProject
Project("{9A19103F-16F7-4668-BE54-9A1E7A4F7556}") = "LoadLink.LoadMatching.Application.Test", "LoadLink.LoadMatching.Application.Test\LoadLink.LoadMatching.Application.Test.csproj", "{4F56A8A9-9D0D-4678-BE94-DCA680A4B934}"
EndProject
Project("{9A19103F-16F7-4668-BE54-9A1E7A4F7556}") = "LoadLink.LoadMatching.Domain.Test", "LoadLink.LoadMatching.Domain.Test\LoadLink.LoadMatching.Domain.Test.csproj", "{8E7A6751-EA22-4DDD-A7DA-12EA1FA58630}"
EndProject
Project("{9A19103F-16F7-4668-BE54-9A1E7A4F7556}") = "LoadLink.LoadMatching.Api.Test", "LoadLink.LoadMatching.Api.Test\LoadLink.LoadMatching.Api.Test.csproj", "{A88D92FC-3E52-440B-A9ED-572D6E739958}"
EndProject
Project("{9A19103F-16F7-4668-BE54-9A1E7A4F7556}") = "LoadLink.LoadMatching.Persistence.Test", "Loadlink.LoadMatching.Persistence.Test\LoadLink.LoadMatching.Persistence.Test.csproj", "{EE67F1DE-301B-4DC5-B55C-BE0D3E49DE67}"
EndProject
Project("{2150E333-8FDC-42A3-9474-1A3956D46DE8}") = "Services", "Services", "{C2B4368A-7469-48F7-B8E5-D1C745223804}"
EndProject
Project("{9A19103F-16F7-4668-BE54-9A1E7A4F7556}") = "ConsoleService", "ConsoleService\ConsoleService.csproj", "{776FC5F7-1694-4FEA-80B0-47AECE9DF94A}"
EndProject
Project("{9A19103F-16F7-4668-BE54-9A1E7A4F7556}") = "LoadLink.LoadMatching.IntegrationEventManager", "LoadLink.LoadMatching.IntegrationEventManager\LoadLink.LoadMatching.IntegrationEventManager.csproj", "{A935E05D-2FDC-41D9-A431-FBF4E917B87A}"
EndProject
Project("{9A19103F-16F7-4668-BE54-9A1E7A4F7556}") = "LoadLink.LoadMatching.RabbitMQIntegrationEventManager", "LoadLink.LoadMatching.RabbitMQIntegrationEventManager\LoadLink.LoadMatching.RabbitMQIntegrationEventManager.csproj", "{40E53327-AF6D-4FF3-9D95-D5AC7A7D42B7}"
EndProject
Project("{9A19103F-16F7-4668-BE54-9A1E7A4F7556}") = "LoadLink.LoadMatching.IntegrationService", "LoadLink.LoadMatching.IntegrationService\LoadLink.LoadMatching.IntegrationService.csproj", "{E47CDB65-44B9-4D5E-B620-A710CF94E372}"
EndProject
Global
	GlobalSection(SolutionConfigurationPlatforms) = preSolution
		Debug|Any CPU = Debug|Any CPU
		Release|Any CPU = Release|Any CPU
	EndGlobalSection
	GlobalSection(ProjectConfigurationPlatforms) = postSolution
		{A0DFA5E5-443A-49A3-AC57-D0E963E8485C}.Debug|Any CPU.ActiveCfg = Debug|Any CPU
		{A0DFA5E5-443A-49A3-AC57-D0E963E8485C}.Debug|Any CPU.Build.0 = Debug|Any CPU
		{A0DFA5E5-443A-49A3-AC57-D0E963E8485C}.Release|Any CPU.ActiveCfg = Release|Any CPU
		{A0DFA5E5-443A-49A3-AC57-D0E963E8485C}.Release|Any CPU.Build.0 = Release|Any CPU
		{D0E185A7-CD77-4DD7-A371-8D5DE14E5B6E}.Debug|Any CPU.ActiveCfg = Debug|Any CPU
		{D0E185A7-CD77-4DD7-A371-8D5DE14E5B6E}.Debug|Any CPU.Build.0 = Debug|Any CPU
		{D0E185A7-CD77-4DD7-A371-8D5DE14E5B6E}.Release|Any CPU.ActiveCfg = Release|Any CPU
		{D0E185A7-CD77-4DD7-A371-8D5DE14E5B6E}.Release|Any CPU.Build.0 = Release|Any CPU
		{1B481357-FB12-479C-848D-3DB5734751AF}.Debug|Any CPU.ActiveCfg = Debug|Any CPU
		{1B481357-FB12-479C-848D-3DB5734751AF}.Debug|Any CPU.Build.0 = Debug|Any CPU
		{1B481357-FB12-479C-848D-3DB5734751AF}.Release|Any CPU.ActiveCfg = Release|Any CPU
		{1B481357-FB12-479C-848D-3DB5734751AF}.Release|Any CPU.Build.0 = Release|Any CPU
		{14A3649A-E46F-46A7-B284-BBD693FFF63C}.Debug|Any CPU.ActiveCfg = Debug|Any CPU
		{14A3649A-E46F-46A7-B284-BBD693FFF63C}.Debug|Any CPU.Build.0 = Debug|Any CPU
		{14A3649A-E46F-46A7-B284-BBD693FFF63C}.Release|Any CPU.ActiveCfg = Release|Any CPU
		{14A3649A-E46F-46A7-B284-BBD693FFF63C}.Release|Any CPU.Build.0 = Release|Any CPU
		{0B70AAA2-9A8F-4291-A7D2-54488C59CEE2}.Debug|Any CPU.ActiveCfg = Debug|Any CPU
		{0B70AAA2-9A8F-4291-A7D2-54488C59CEE2}.Debug|Any CPU.Build.0 = Debug|Any CPU
		{0B70AAA2-9A8F-4291-A7D2-54488C59CEE2}.Release|Any CPU.ActiveCfg = Release|Any CPU
		{0B70AAA2-9A8F-4291-A7D2-54488C59CEE2}.Release|Any CPU.Build.0 = Release|Any CPU
		{4F56A8A9-9D0D-4678-BE94-DCA680A4B934}.Debug|Any CPU.ActiveCfg = Debug|Any CPU
		{4F56A8A9-9D0D-4678-BE94-DCA680A4B934}.Debug|Any CPU.Build.0 = Debug|Any CPU
		{4F56A8A9-9D0D-4678-BE94-DCA680A4B934}.Release|Any CPU.ActiveCfg = Release|Any CPU
		{4F56A8A9-9D0D-4678-BE94-DCA680A4B934}.Release|Any CPU.Build.0 = Release|Any CPU
		{8E7A6751-EA22-4DDD-A7DA-12EA1FA58630}.Debug|Any CPU.ActiveCfg = Debug|Any CPU
		{8E7A6751-EA22-4DDD-A7DA-12EA1FA58630}.Debug|Any CPU.Build.0 = Debug|Any CPU
		{8E7A6751-EA22-4DDD-A7DA-12EA1FA58630}.Release|Any CPU.ActiveCfg = Release|Any CPU
		{8E7A6751-EA22-4DDD-A7DA-12EA1FA58630}.Release|Any CPU.Build.0 = Release|Any CPU
		{A88D92FC-3E52-440B-A9ED-572D6E739958}.Debug|Any CPU.ActiveCfg = Debug|Any CPU
		{A88D92FC-3E52-440B-A9ED-572D6E739958}.Debug|Any CPU.Build.0 = Debug|Any CPU
		{A88D92FC-3E52-440B-A9ED-572D6E739958}.Release|Any CPU.ActiveCfg = Release|Any CPU
		{A88D92FC-3E52-440B-A9ED-572D6E739958}.Release|Any CPU.Build.0 = Release|Any CPU
		{EE67F1DE-301B-4DC5-B55C-BE0D3E49DE67}.Debug|Any CPU.ActiveCfg = Debug|Any CPU
		{EE67F1DE-301B-4DC5-B55C-BE0D3E49DE67}.Debug|Any CPU.Build.0 = Debug|Any CPU
		{EE67F1DE-301B-4DC5-B55C-BE0D3E49DE67}.Release|Any CPU.ActiveCfg = Release|Any CPU
		{EE67F1DE-301B-4DC5-B55C-BE0D3E49DE67}.Release|Any CPU.Build.0 = Release|Any CPU
		{776FC5F7-1694-4FEA-80B0-47AECE9DF94A}.Debug|Any CPU.ActiveCfg = Debug|Any CPU
		{776FC5F7-1694-4FEA-80B0-47AECE9DF94A}.Debug|Any CPU.Build.0 = Debug|Any CPU
		{776FC5F7-1694-4FEA-80B0-47AECE9DF94A}.Release|Any CPU.ActiveCfg = Release|Any CPU
		{776FC5F7-1694-4FEA-80B0-47AECE9DF94A}.Release|Any CPU.Build.0 = Release|Any CPU
		{A935E05D-2FDC-41D9-A431-FBF4E917B87A}.Debug|Any CPU.ActiveCfg = Debug|Any CPU
		{A935E05D-2FDC-41D9-A431-FBF4E917B87A}.Debug|Any CPU.Build.0 = Debug|Any CPU
		{A935E05D-2FDC-41D9-A431-FBF4E917B87A}.Release|Any CPU.ActiveCfg = Release|Any CPU
		{A935E05D-2FDC-41D9-A431-FBF4E917B87A}.Release|Any CPU.Build.0 = Release|Any CPU
		{40E53327-AF6D-4FF3-9D95-D5AC7A7D42B7}.Debug|Any CPU.ActiveCfg = Debug|Any CPU
		{40E53327-AF6D-4FF3-9D95-D5AC7A7D42B7}.Debug|Any CPU.Build.0 = Debug|Any CPU
		{40E53327-AF6D-4FF3-9D95-D5AC7A7D42B7}.Release|Any CPU.ActiveCfg = Release|Any CPU
		{40E53327-AF6D-4FF3-9D95-D5AC7A7D42B7}.Release|Any CPU.Build.0 = Release|Any CPU
		{E47CDB65-44B9-4D5E-B620-A710CF94E372}.Debug|Any CPU.ActiveCfg = Debug|Any CPU
		{E47CDB65-44B9-4D5E-B620-A710CF94E372}.Debug|Any CPU.Build.0 = Debug|Any CPU
		{E47CDB65-44B9-4D5E-B620-A710CF94E372}.Release|Any CPU.ActiveCfg = Release|Any CPU
		{E47CDB65-44B9-4D5E-B620-A710CF94E372}.Release|Any CPU.Build.0 = Release|Any CPU
	EndGlobalSection
	GlobalSection(SolutionProperties) = preSolution
		HideSolutionNode = FALSE
	EndGlobalSection
	GlobalSection(NestedProjects) = preSolution
		{DA2F8D43-47B7-4B5D-83B9-5E580544DEBE} = {1DB97BA9-455E-40AB-B27A-51A71FEEE778}
		{0BBEBBD6-0BDF-43D0-BEEC-48FEE2F89CAB} = {1DB97BA9-455E-40AB-B27A-51A71FEEE778}
		{B2CD5021-67D9-4CC8-8559-22845E43D7AA} = {1DB97BA9-455E-40AB-B27A-51A71FEEE778}
		{A0DFA5E5-443A-49A3-AC57-D0E963E8485C} = {DA2F8D43-47B7-4B5D-83B9-5E580544DEBE}
		{D0E185A7-CD77-4DD7-A371-8D5DE14E5B6E} = {DA2F8D43-47B7-4B5D-83B9-5E580544DEBE}
		{1B481357-FB12-479C-848D-3DB5734751AF} = {0BBEBBD6-0BDF-43D0-BEEC-48FEE2F89CAB}
		{14A3649A-E46F-46A7-B284-BBD693FFF63C} = {0BBEBBD6-0BDF-43D0-BEEC-48FEE2F89CAB}
		{0B70AAA2-9A8F-4291-A7D2-54488C59CEE2} = {B2CD5021-67D9-4CC8-8559-22845E43D7AA}
		{4F56A8A9-9D0D-4678-BE94-DCA680A4B934} = {E4A7A8E6-5310-461E-A700-3FEDDE820321}
		{8E7A6751-EA22-4DDD-A7DA-12EA1FA58630} = {E4A7A8E6-5310-461E-A700-3FEDDE820321}
		{A88D92FC-3E52-440B-A9ED-572D6E739958} = {E4A7A8E6-5310-461E-A700-3FEDDE820321}
		{EE67F1DE-301B-4DC5-B55C-BE0D3E49DE67} = {E4A7A8E6-5310-461E-A700-3FEDDE820321}
		{C2B4368A-7469-48F7-B8E5-D1C745223804} = {1DB97BA9-455E-40AB-B27A-51A71FEEE778}
		{776FC5F7-1694-4FEA-80B0-47AECE9DF94A} = {C2B4368A-7469-48F7-B8E5-D1C745223804}
		{A935E05D-2FDC-41D9-A431-FBF4E917B87A} = {DA2F8D43-47B7-4B5D-83B9-5E580544DEBE}
		{40E53327-AF6D-4FF3-9D95-D5AC7A7D42B7} = {0BBEBBD6-0BDF-43D0-BEEC-48FEE2F89CAB}
		{E47CDB65-44B9-4D5E-B620-A710CF94E372} = {C2B4368A-7469-48F7-B8E5-D1C745223804}
	EndGlobalSection
	GlobalSection(ExtensibilityGlobals) = postSolution
		SolutionGuid = {71E0DC13-1110-4EC6-8F06-8DF783435BDC}
	EndGlobalSection
EndGlobal
